
Microsoft Visual Studio Solution File, Format Version 12.00
# Visual Studio Version 16
VisualStudioVersion = 16.0.33328.57
MinimumVisualStudioVersion = 10.0.40219.1
Project("{FAE04EC0-301F-11D3-BF4B-00C04F79EFBC}") = "SistemaEletrico", "SistemaEletrico.csproj", "{03E88AC5-CE54-4A96-A2D8-9C7DCE6CC54F}"
EndProject
Project("{FAE04EC0-301F-11D3-BF4B-00C04F79EFBC}") = "EletricoSistema.DataAccess", "..\EletricoSistema.DataAccess\EletricoSistema.DataAccess.csproj", "{739623A2-8B84-4B04-945A-C6930ABAB886}"
EndProject
Global
	GlobalSection(SolutionConfigurationPlatforms) = preSolution
		Debug|Any CPU = Debug|Any CPU
		Release|Any CPU = Release|Any CPU
	EndGlobalSection
	GlobalSection(ProjectConfigurationPlatforms) = postSolution
		{03E88AC5-CE54-4A96-A2D8-9C7DCE6CC54F}.Debug|Any CPU.ActiveCfg = Debug|Any CPU
		{03E88AC5-CE54-4A96-A2D8-9C7DCE6CC54F}.Debug|Any CPU.Build.0 = Debug|Any CPU
		{03E88AC5-CE54-4A96-A2D8-9C7DCE6CC54F}.Release|Any CPU.ActiveCfg = Release|Any CPU
		{03E88AC5-CE54-4A96-A2D8-9C7DCE6CC54F}.Release|Any CPU.Build.0 = Release|Any CPU
		{739623A2-8B84-4B04-945A-C6930ABAB886}.Debug|Any CPU.ActiveCfg = Debug|Any CPU
		{739623A2-8B84-4B04-945A-C6930ABAB886}.Debug|Any CPU.Build.0 = Debug|Any CPU
		{739623A2-8B84-4B04-945A-C6930ABAB886}.Release|Any CPU.ActiveCfg = Release|Any CPU
		{739623A2-8B84-4B04-945A-C6930ABAB886}.Release|Any CPU.Build.0 = Release|Any CPU
	EndGlobalSection
	GlobalSection(SolutionProperties) = preSolution
		HideSolutionNode = FALSE
	EndGlobalSection
	GlobalSection(ExtensibilityGlobals) = postSolution
		SolutionGuid = {B674B4C6-BC13-4F32-891C-DA276D1B3266}
	EndGlobalSection
EndGlobal
